
Microsoft Visual Studio Solution File, Format Version 12.00
# Visual Studio Version 16
VisualStudioVersion = 16.0.31105.61
MinimumVisualStudioVersion = 10.0.40219.1
Project("{FAE04EC0-301F-11D3-BF4B-00C04F79EFBC}") = "FirstTask", "Ado.net\FirstTask.csproj", "{139F7E6D-B88B-406C-B03B-BC59E5FC1B09}"
EndProject
Global
	GlobalSection(SolutionConfigurationPlatforms) = preSolution
		Debug|Any CPU = Debug|Any CPU
		Release|Any CPU = Release|Any CPU
	EndGlobalSection
	GlobalSection(ProjectConfigurationPlatforms) = postSolution
		{139F7E6D-B88B-406C-B03B-BC59E5FC1B09}.Debug|Any CPU.ActiveCfg = Debug|Any CPU
		{139F7E6D-B88B-406C-B03B-BC59E5FC1B09}.Debug|Any CPU.Build.0 = Debug|Any CPU
		{139F7E6D-B88B-406C-B03B-BC59E5FC1B09}.Release|Any CPU.ActiveCfg = Release|Any CPU
		{139F7E6D-B88B-406C-B03B-BC59E5FC1B09}.Release|Any CPU.Build.0 = Release|Any CPU
	EndGlobalSection
	GlobalSection(SolutionProperties) = preSolution
		HideSolutionNode = FALSE
	EndGlobalSection
	GlobalSection(ExtensibilityGlobals) = postSolution
		SolutionGuid = {D5B2085D-F3D8-4AE2-A663-E0A78A0F58B0}
	EndGlobalSection
EndGlobal
